
Microsoft Visual Studio Solution File, Format Version 12.00
# Visual Studio Version 17
VisualStudioVersion = 17.11.35327.3
MinimumVisualStudioVersion = 10.0.40219.1
Project("{FAE04EC0-301F-11D3-BF4B-00C04F79EFBC}") = "Problems", "Problems.csproj", "{988E2351-962C-409E-AEDD-A9CA5EFBE702}"
EndProject
Global
	GlobalSection(SolutionConfigurationPlatforms) = preSolution
		Debug|Any CPU = Debug|Any CPU
		Release|Any CPU = Release|Any CPU
	EndGlobalSection
	GlobalSection(ProjectConfigurationPlatforms) = postSolution
		{988E2351-962C-409E-AEDD-A9CA5EFBE702}.Debug|Any CPU.ActiveCfg = Debug|Any CPU
		{988E2351-962C-409E-AEDD-A9CA5EFBE702}.Debug|Any CPU.Build.0 = Debug|Any CPU
		{988E2351-962C-409E-AEDD-A9CA5EFBE702}.Release|Any CPU.ActiveCfg = Release|Any CPU
		{988E2351-962C-409E-AEDD-A9CA5EFBE702}.Release|Any CPU.Build.0 = Release|Any CPU
	EndGlobalSection
	GlobalSection(SolutionProperties) = preSolution
		HideSolutionNode = FALSE
	EndGlobalSection
	GlobalSection(ExtensibilityGlobals) = postSolution
		SolutionGuid = {FF9FBC81-4AEC-42B2-98F5-A44A32BBC82D}
	EndGlobalSection
EndGlobal
